{
  "name": "pastry-recipes-app",
  "lockfileVersion": 3,
  "requires": true,
  "packages": {
    "": {
      "dependencies": {
        "environ": "^3.0.3"
      }
    },
    "node_modules/environ": {
      "version": "3.0.3",
      "resolved": "https://registry.npmjs.org/environ/-/environ-3.0.3.tgz",
      "integrity": "sha512-IHy0Fwdgn5Lq3eFr6U9KU+gSpFY1FOivyDXINpof5wmnhvOkBxDo0/uJfN4f9COPVP0pPQ7WHwQH6nKTi4Qkcw==",
      "engines": {
        "node": ">=8"
      }
    }
  }
}
